// !$*UTF8*$!
{
	archiveVersion = 1;
	classes = {
	};
	objectVersion = 46;
	objects = {

/* Begin PBXBuildFile section */
		37BA410919F020440047603D /* AppDelegate.swift in Sources */ = {isa = PBXBuildFile; fileRef = 37BA410819F020440047603D /* AppDelegate.swift */; };
		37BA410E19F020440047603D /* Main.storyboard in Resources */ = {isa = PBXBuildFile; fileRef = 37BA410C19F020440047603D /* Main.storyboard */; };
		37BA411019F020440047603D /* Images.xcassets in Resources */ = {isa = PBXBuildFile; fileRef = 37BA410F19F020440047603D /* Images.xcassets */; };
		37BA411319F020440047603D /* LaunchScreen.xib in Resources */ = {isa = PBXBuildFile; fileRef = 37BA411119F020440047603D /* LaunchScreen.xib */; };
		37BA411F19F020440047603D /* AltimeterTests.swift in Sources */ = {isa = PBXBuildFile; fileRef = 37BA411E19F020440047603D /* AltimeterTests.swift */; };
		37BA412919F020610047603D /* AltimeterViewController.swift in Sources */ = {isa = PBXBuildFile; fileRef = 37BA412819F020610047603D /* AltimeterViewController.swift */; };
		37FCB6C119F9C66900B751A2 /* GraphView.swift in Sources */ = {isa = PBXBuildFile; fileRef = 37FCB6C019F9C66900B751A2 /* GraphView.swift */; };
/* End PBXBuildFile section */

/* Begin PBXContainerItemProxy section */
		37BA411919F020440047603D /* PBXContainerItemProxy */ = {
			isa = PBXContainerItemProxy;
			containerPortal = 37BA40FB19F020440047603D /* Project object */;
			proxyType = 1;
			remoteGlobalIDString = 37BA410219F020440047603D;
			remoteInfo = Altimeter;
		};
/* End PBXContainerItemProxy section */

/* Begin PBXFileReference section */
		37BA410319F020440047603D /* Altimeter.app */ = {isa = PBXFileReference; explicitFileType = wrapper.application; includeInIndex = 0; path = Altimeter.app; sourceTree = BUILT_PRODUCTS_DIR; };
		37BA410719F020440047603D /* Info.plist */ = {isa = PBXFileReference; lastKnownFileType = text.plist.xml; path = Info.plist; sourceTree = "<group>"; };
		37BA410819F020440047603D /* AppDelegate.swift */ = {isa = PBXFileReference; lastKnownFileType = sourcecode.swift; path = AppDelegate.swift; sourceTree = "<group>"; };
		37BA410D19F020440047603D /* Base */ = {isa = PBXFileReference; lastKnownFileType = file.storyboard; name = Base; path = Base.lproj/Main.storyboard; sourceTree = "<group>"; };
		37BA410F19F020440047603D /* Images.xcassets */ = {isa = PBXFileReference; lastKnownFileType = folder.assetcatalog; path = Images.xcassets; sourceTree = "<group>"; };
		37BA411219F020440047603D /* Base */ = {isa = PBXFileReference; lastKnownFileType = file.xib; name = Base; path = Base.lproj/LaunchScreen.xib; sourceTree = "<group>"; };
		37BA411819F020440047603D /* AltimeterTests.xctest */ = {isa = PBXFileReference; explicitFileType = wrapper.cfbundle; includeInIndex = 0; path = AltimeterTests.xctest; sourceTree = BUILT_PRODUCTS_DIR; };
		37BA411D19F020440047603D /* Info.plist */ = {isa = PBXFileReference; lastKnownFileType = text.plist.xml; path = Info.plist; sourceTree = "<group>"; };
		37BA411E19F020440047603D /* AltimeterTests.swift */ = {isa = PBXFileReference; lastKnownFileType = sourcecode.swift; path = AltimeterTests.swift; sourceTree = "<group>"; };
		37BA412819F020610047603D /* AltimeterViewController.swift */ = {isa = PBXFileReference; fileEncoding = 4; lastKnownFileType = sourcecode.swift; path = AltimeterViewController.swift; sourceTree = "<group>"; };
		37FCB6C019F9C66900B751A2 /* GraphView.swift */ = {isa = PBXFileReference; fileEncoding = 4; lastKnownFileType = sourcecode.swift; path = GraphView.swift; sourceTree = "<group>"; };
/* End PBXFileReference section */

/* Begin PBXFrameworksBuildPhase section */
		37BA410019F020440047603D /* Frameworks */ = {
			isa = PBXFrameworksBuildPhase;
			buildActionMask = 2147483647;
			files = (
			);
			runOnlyForDeploymentPostprocessing = 0;
		};
		37BA411519F020440047603D /* Frameworks */ = {
			isa = PBXFrameworksBuildPhase;
			buildActionMask = 2147483647;
			files = (
			);
			runOnlyForDeploymentPostprocessing = 0;
		};
/* End PBXFrameworksBuildPhase section */

/* Begin PBXGroup section */
		37BA40FA19F020440047603D = {
			isa = PBXGroup;
			children = (
				37BA410519F020440047603D /* Altimeter */,
				37BA411B19F020440047603D /* AltimeterTests */,
				37BA410419F020440047603D /* Products */,
			);
			sourceTree = "<group>";
		};
		37BA410419F020440047603D /* Products */ = {
			isa = PBXGroup;
			children = (
				37BA410319F020440047603D /* Altimeter.app */,
				37BA411819F020440047603D /* AltimeterTests.xctest */,
			);
			name = Products;
			sourceTree = "<group>";
		};
		37BA410519F020440047603D /* Altimeter */ = {
			isa = PBXGroup;
			children = (
				37BA412819F020610047603D /* AltimeterViewController.swift */,
				37FCB6C019F9C66900B751A2 /* GraphView.swift */,
				37BA410819F020440047603D /* AppDelegate.swift */,
				37BA410C19F020440047603D /* Main.storyboard */,
				37BA410F19F020440047603D /* Images.xcassets */,
				37BA411119F020440047603D /* LaunchScreen.xib */,
				37BA410619F020440047603D /* Supporting Files */,
			);
			path = Altimeter;
			sourceTree = "<group>";
		};
		37BA410619F020440047603D /* Supporting Files */ = {
			isa = PBXGroup;
			children = (
				37BA410719F020440047603D /* Info.plist */,
			);
			name = "Supporting Files";
			sourceTree = "<group>";
		};
		37BA411B19F020440047603D /* AltimeterTests */ = {
			isa = PBXGroup;
			children = (
				37BA411E19F020440047603D /* AltimeterTests.swift */,
				37BA411C19F020440047603D /* Supporting Files */,
			);
			path = AltimeterTests;
			sourceTree = "<group>";
		};
		37BA411C19F020440047603D /* Supporting Files */ = {
			isa = PBXGroup;
			children = (
				37BA411D19F020440047603D /* Info.plist */,
			);
			name = "Supporting Files";
			sourceTree = "<group>";
		};
/* End PBXGroup section */

/* Begin PBXNativeTarget section */
		37BA410219F020440047603D /* Altimeter */ = {
			isa = PBXNativeTarget;
			buildConfigurationList = 37BA412219F020440047603D /* Build configuration list for PBXNativeTarget "Altimeter" */;
			buildPhases = (
				37BA40FF19F020440047603D /* Sources */,
				37BA410019F020440047603D /* Frameworks */,
				37BA410119F020440047603D /* Resources */,
			);
			buildRules = (
			);
			dependencies = (
			);
			name = Altimeter;
			productName = Altimeter;
			productReference = 37BA410319F020440047603D /* Altimeter.app */;
			productType = "com.apple.product-type.application";
		};
		37BA411719F020440047603D /* AltimeterTests */ = {
			isa = PBXNativeTarget;
			buildConfigurationList = 37BA412519F020440047603D /* Build configuration list for PBXNativeTarget "AltimeterTests" */;
			buildPhases = (
				37BA411419F020440047603D /* Sources */,
				37BA411519F020440047603D /* Frameworks */,
				37BA411619F020440047603D /* Resources */,
			);
			buildRules = (
			);
			dependencies = (
				37BA411A19F020440047603D /* PBXTargetDependency */,
			);
			name = AltimeterTests;
			productName = AltimeterTests;
			productReference = 37BA411819F020440047603D /* AltimeterTests.xctest */;
			productType = "com.apple.product-type.bundle.unit-test";
		};
/* End PBXNativeTarget section */

/* Begin PBXProject section */
		37BA40FB19F020440047603D /* Project object */ = {
			isa = PBXProject;
			attributes = {
				LastUpgradeCheck = 0600;
				ORGANIZATIONNAME = "TimesToCome Mobile";
				TargetAttributes = {
					37BA410219F020440047603D = {
						CreatedOnToolsVersion = 6.0;
					};
					37BA411719F020440047603D = {
						CreatedOnToolsVersion = 6.0;
						TestTargetID = 37BA410219F020440047603D;
					};
				};
			};
			buildConfigurationList = 37BA40FE19F020440047603D /* Build configuration list for PBXProject "Altimeter" */;
			compatibilityVersion = "Xcode 3.2";
			developmentRegion = English;
			hasScannedForEncodings = 0;
			knownRegions = (
				en,
				Base,
			);
			mainGroup = 37BA40FA19F020440047603D;
			productRefGroup = 37BA410419F020440047603D /* Products */;
			projectDirPath = "";
			projectRoot = "";
			targets = (
				37BA410219F020440047603D /* Altimeter */,
				37BA411719F020440047603D /* AltimeterTests */,
			);
		};
/* End PBXProject section */

/* Begin PBXResourcesBuildPhase section */
		37BA410119F020440047603D /* Resources */ = {
			isa = PBXResourcesBuildPhase;
			buildActionMask = 2147483647;
			files = (
				37BA410E19F020440047603D /* Main.storyboard in Resources */,
				37BA411319F020440047603D /* LaunchScreen.xib in Resources */,
				37BA411019F020440047603D /* Images.xcassets in Resources */,
			);
			runOnlyForDeploymentPostprocessing = 0;
		};
		37BA411619F020440047603D /* Resources */ = {
			isa = PBXResourcesBuildPhase;
			buildActionMask = 2147483647;
			files = (
			);
			runOnlyForDeploymentPostprocessing = 0;
		};
/* End PBXResourcesBuildPhase section */

/* Begin PBXSourcesBuildPhase section */
		37BA40FF19F020440047603D /* Sources */ = {
			isa = PBXSourcesBuildPhase;
			buildActionMask = 2147483647;
			files = (
				37BA412919F020610047603D /* AltimeterViewController.swift in Sources */,
				37BA410919F020440047603D /* AppDelegate.swift in Sources */,
				37FCB6C119F9C66900B751A2 /* GraphView.swift in Sources */,
			);
			runOnlyForDeploymentPostprocessing = 0;
		};
		37BA411419F020440047603D /* Sources */ = {
			isa = PBXSourcesBuildPhase;
			buildActionMask = 2147483647;
			files = (
				37BA411F19F020440047603D /* AltimeterTests.swift in Sources */,
			);
			runOnlyForDeploymentPostprocessing = 0;
		};
/* End PBXSourcesBuildPhase section */

/* Begin PBXTargetDependency section */
		37BA411A19F020440047603D /* PBXTargetDependency */ = {
			isa = PBXTargetDependency;
			target = 37BA410219F020440047603D /* Altimeter */;
			targetProxy = 37BA411919F020440047603D /* PBXContainerItemProxy */;
		};
/* End PBXTargetDependency section */

/* Begin PBXVariantGroup section */
		37BA410C19F020440047603D /* Main.storyboard */ = {
			isa = PBXVariantGroup;
			children = (
				37BA410D19F020440047603D /* Base */,
			);
			name = Main.storyboard;
			sourceTree = "<group>";
		};
		37BA411119F020440047603D /* LaunchScreen.xib */ = {
			isa = PBXVariantGroup;
			children = (
				37BA411219F020440047603D /* Base */,
			);
			name = LaunchScreen.xib;
			sourceTree = "<group>";
		};
/* End PBXVariantGroup section */

/* Begin XCBuildConfiguration section */
		37BA412019F020440047603D /* Debug */ = {
			isa = XCBuildConfiguration;
			buildSettings = {
				ALWAYS_SEARCH_USER_PATHS = NO;
				CLANG_CXX_LANGUAGE_STANDARD = "gnu++0x";
				CLANG_CXX_LIBRARY = "libc++";
				CLANG_ENABLE_MODULES = YES;
				CLANG_ENABLE_OBJC_ARC = YES;
				CLANG_WARN_BOOL_CONVERSION = YES;
				CLANG_WARN_CONSTANT_CONVERSION = YES;
				CLANG_WARN_DIRECT_OBJC_ISA_USAGE = YES_ERROR;
				CLANG_WARN_EMPTY_BODY = YES;
				CLANG_WARN_ENUM_CONVERSION = YES;
				CLANG_WARN_INT_CONVERSION = YES;
				CLANG_WARN_OBJC_ROOT_CLASS = YES_ERROR;
				CLANG_WARN_UNREACHABLE_CODE = YES;
				CLANG_WARN__DUPLICATE_METHOD_MATCH = YES;
				"CODE_SIGN_IDENTITY[sdk=iphoneos*]" = "iPhone Developer";
				COPY_PHASE_STRIP = NO;
				ENABLE_STRICT_OBJC_MSGSEND = YES;
				GCC_C_LANGUAGE_STANDARD = gnu99;
				GCC_DYNAMIC_NO_PIC = NO;
				GCC_OPTIMIZATION_LEVEL = 0;
				GCC_PREPROCESSOR_DEFINITIONS = (
					"DEBUG=1",
					"$(inherited)",
				);
				GCC_SYMBOLS_PRIVATE_EXTERN = NO;
				GCC_WARN_64_TO_32_BIT_CONVERSION = YES;
				GCC_WARN_ABOUT_RETURN_TYPE = YES_ERROR;
				GCC_WARN_UNDECLARED_SELECTOR = YES;
				GCC_WARN_UNINITIALIZED_AUTOS = YES_AGGRESSIVE;
				GCC_WARN_UNUSED_FUNCTION = YES;
				GCC_WARN_UNUSED_VARIABLE = YES;
				IPHONEOS_DEPLOYMENT_TARGET = 8.0;
				MTL_ENABLE_DEBUG_INFO = YES;
				ONLY_ACTIVE_ARCH = YES;
				SDKROOT = iphoneos;
				SWIFT_OPTIMIZATION_LEVEL = "-Onone";
			};
			name = Debug;
		};
		37BA412119F020440047603D /* Release */ = {
			isa = XCBuildConfiguration;
			buildSettings = {
				ALWAYS_SEARCH_USER_PATHS = NO;
				CLANG_CXX_LANGUAGE_STANDARD = "gnu++0x";
				CLANG_CXX_LIBRARY = "libc++";
				CLANG_ENABLE_MODULES = YES;
				CLANG_ENABLE_OBJC_ARC = YES;
				CLANG_WARN_BOOL_CONVERSION = YES;
				CLANG_WARN_CONSTANT_CONVERSION = YES;
				CLANG_WARN_DIRECT_OBJC_ISA_USAGE = YES_ERROR;
				CLANG_WARN_EMPTY_BODY = YES;
				CLANG_WARN_ENUM_CONVERSION = YES;
				CLANG_WARN_INT_CONVERSION = YES;
				CLANG_WARN_OBJC_ROOT_CLASS = YES_ERROR;
				CLANG_WARN_UNREACHABLE_CODE = YES;
				CLANG_WARN__DUPLICATE_METHOD_MATCH = YES;
				"CODE_SIGN_IDENTITY[sdk=iphoneos*]" = "iPhone Developer";
				COPY_PHASE_STRIP = YES;
				ENABLE_NS_ASSERTIONS = NO;
				ENABLE_STRICT_OBJC_MSGSEND = YES;
				GCC_C_LANGUAGE_STANDARD = gnu99;
				GCC_WARN_64_TO_32_BIT_CONVERSION = YES;
				GCC_WARN_ABOUT_RETURN_TYPE = YES_ERROR;
				GCC_WARN_UNDECLARED_SELECTOR = YES;
				GCC_WARN_UNINITIALIZED_AUTOS = YES_AGGRESSIVE;
				GCC_WARN_UNUSED_FUNCTION = YES;
				GCC_WARN_UNUSED_VARIABLE = YES;
				IPHONEOS_DEPLOYMENT_TARGET = 8.0;
				MTL_ENABLE_DEBUG_INFO = NO;
				SDKROOT = iphoneos;
				VALIDATE_PRODUCT = YES;
			};
			name = Release;
		};
		37BA412319F020440047603D /* Debug */ = {
			isa = XCBuildConfiguration;
			buildSettings = {
				ASSETCATALOG_COMPILER_APPICON_NAME = AppIcon;
				INFOPLIST_FILE = Altimeter/Info.plist;
				LD_RUNPATH_SEARCH_PATHS = "$(inherited) @executable_path/Frameworks";
				PRODUCT_NAME = "$(TARGET_NAME)";
			};
			name = Debug;
		};
		37BA412419F020440047603D /* Release */ = {
			isa = XCBuildConfiguration;
			buildSettings = {
				ASSETCATALOG_COMPILER_APPICON_NAME = AppIcon;
				INFOPLIST_FILE = Altimeter/Info.plist;
				LD_RUNPATH_SEARCH_PATHS = "$(inherited) @executable_path/Frameworks";
				PRODUCT_NAME = "$(TARGET_NAME)";
			};
			name = Release;
		};
		37BA412619F020440047603D /* Debug */ = {
			isa = XCBuildConfiguration;
			buildSettings = {
				BUNDLE_LOADER = "$(TEST_HOST)";
				FRAMEWORK_SEARCH_PATHS = (
					"$(SDKROOT)/Developer/Library/Frameworks",
					"$(inherited)",
				);
				GCC_PREPROCESSOR_DEFINITIONS = (
					"DEBUG=1",
					"$(inherited)",
				);
				INFOPLIST_FILE = AltimeterTests/Info.plist;
				LD_RUNPATH_SEARCH_PATHS = "$(inherited) @executable_path/Frameworks @loader_path/Frameworks";
				PRODUCT_NAME = "$(TARGET_NAME)";
				TEST_HOST = "$(BUILT_PRODUCTS_DIR)/Altimeter.app/Altimeter";
			};
			name = Debug;
		};
		37BA412719F020440047603D /* Release */ = {
			isa = XCBuildConfiguration;
			buildSettings = {
				BUNDLE_LOADER = "$(TEST_HOST)";
				FRAMEWORK_SEARCH_PATHS = (
					"$(SDKROOT)/Developer/Library/Frameworks",
					"$(inherited)",
				);
				INFOPLIST_FILE = AltimeterTests/Info.plist;
				LD_RUNPATH_SEARCH_PATHS = "$(inherited) @executable_path/Frameworks @loader_path/Frameworks";
				PRODUCT_NAME = "$(TARGET_NAME)";
				TEST_HOST = "$(BUILT_PRODUCTS_DIR)/Altimeter.app/Altimeter";
			};
			name = Release;
		};
/* End XCBuildConfiguration section */

/* Begin XCConfigurationList section */
		37BA40FE19F020440047603D /* Build configuration list for PBXProject "Altimeter" */ = {
			isa = XCConfigurationList;
			buildConfigurations = (
				37BA412019F020440047603D /* Debug */,
				37BA412119F020440047603D /* Release */,
			);
			defaultConfigurationIsVisible = 0;
			defaultConfigurationName = Release;
		};
		37BA412219F020440047603D /* Build configuration list for PBXNativeTarget "Altimeter" */ = {
			isa = XCConfigurationList;
			buildConfigurations = (
				37BA412319F020440047603D /* Debug */,
				37BA412419F020440047603D /* Release */,
			);
			defaultConfigurationIsVisible = 0;
			defaultConfigurationName = Release;
		};
		37BA412519F020440047603D /* Build configuration list for PBXNativeTarget "AltimeterTests" */ = {
			isa = XCConfigurationList;
			buildConfigurations = (
				37BA412619F020440047603D /* Debug */,
				37BA412719F020440047603D /* Release */,
			);
			defaultConfigurationIsVisible = 0;
			defaultConfigurationName = Release;
		};
/* End XCConfigurationList section */
	};
	rootObject = 37BA40FB19F020440047603D /* Project object */;
}
